
Microsoft Visual Studio Solution File, Format Version 12.00
# Visual Studio 2015
Project("{FAE04EC0-301F-11D3-BF4B-00C04F79EFBC}") = "squashMaster.CSharp.Plugins", "squashMaster.CSharp.Plugins.csproj", "{86F78CDC-6864-625D-B878-0EA0E1A53AA0}"
EndProject
Project("{FAE04EC0-301F-11D3-BF4B-00C04F79EFBC}") = "squashMaster.CSharp", "squashMaster.CSharp.csproj", "{4523E175-87EF-276E-6CC7-4A5AB80E9542}"
EndProject
Project("{FAE04EC0-301F-11D3-BF4B-00C04F79EFBC}") = "squashMaster.CSharp.Editor", "squashMaster.CSharp.Editor.csproj", "{3AB58011-E587-B129-8F3A-812742D32B31}"
EndProject
Global
	GlobalSection(SolutionConfigurationPlatforms) = preSolution
		Debug|Any CPU = Debug|Any CPU
		Release|Any CPU = Release|Any CPU
	EndGlobalSection
	GlobalSection(ProjectConfigurationPlatforms) = postSolution
		{86F78CDC-6864-625D-B878-0EA0E1A53AA0}.Debug|Any CPU.ActiveCfg = Debug|Any CPU
		{86F78CDC-6864-625D-B878-0EA0E1A53AA0}.Debug|Any CPU.Build.0 = Debug|Any CPU
		{86F78CDC-6864-625D-B878-0EA0E1A53AA0}.Release|Any CPU.ActiveCfg = Release|Any CPU
		{86F78CDC-6864-625D-B878-0EA0E1A53AA0}.Release|Any CPU.Build.0 = Release|Any CPU
		{4523E175-87EF-276E-6CC7-4A5AB80E9542}.Debug|Any CPU.ActiveCfg = Debug|Any CPU
		{4523E175-87EF-276E-6CC7-4A5AB80E9542}.Debug|Any CPU.Build.0 = Debug|Any CPU
		{4523E175-87EF-276E-6CC7-4A5AB80E9542}.Release|Any CPU.ActiveCfg = Release|Any CPU
		{4523E175-87EF-276E-6CC7-4A5AB80E9542}.Release|Any CPU.Build.0 = Release|Any CPU
		{3AB58011-E587-B129-8F3A-812742D32B31}.Debug|Any CPU.ActiveCfg = Debug|Any CPU
		{3AB58011-E587-B129-8F3A-812742D32B31}.Debug|Any CPU.Build.0 = Debug|Any CPU
		{3AB58011-E587-B129-8F3A-812742D32B31}.Release|Any CPU.ActiveCfg = Release|Any CPU
		{3AB58011-E587-B129-8F3A-812742D32B31}.Release|Any CPU.Build.0 = Release|Any CPU
	EndGlobalSection
	GlobalSection(SolutionProperties) = preSolution
		HideSolutionNode = FALSE
	EndGlobalSection
EndGlobal
